dependencies:
- name: webcomponent
  repository: https://ifpen.github.io/helm-charts
  version: 0.1.0-rc.1
- name: webcomponent
  repository: https://ifpen.github.io/helm-charts
  version: 0.1.0-rc.1
- name: svc-postgres
  repository: https://ifpen.github.io/helm-charts
  version: 0.1.0-rc.1
- name: svc-mongodb
  repository: https://ifpen.github.io/helm-charts
  version: 0.1.0-rc.2
digest: sha256:1539094d846e74c13ff964610135cfe384d9aae58db52005e50d78a26d30df97
generated: "2026-09-02T18:04:28.5698955+02:00"
